// !$*UTF8*$!
{
	archiveVersion = 1;
	classes = {
	};
	objectVersion = 51;
	objects = {

/* Begin PBXBuildFile section */
		3563A71E0BE4C6EB68CC8F72 /* Pods_TicketsValidation.framework in Frameworks */ = {isa = PBXBuildFile; fileRef = 5660C21FAE3CD64ACABD625F /* Pods_TicketsValidation.framework */; };
		88569C5A2685195E000AD9B5 /* AppDelegate.swift in Sources */ = {isa = PBXBuildFile; fileRef = 88569C592685195E000AD9B5 /* AppDelegate.swift */; };
		88569C5C2685195E000AD9B5 /* SceneDelegate.swift in Sources */ = {isa = PBXBuildFile; fileRef = 88569C5B2685195E000AD9B5 /* SceneDelegate.swift */; };
		88569C5E2685195E000AD9B5 /* ViewController.swift in Sources */ = {isa = PBXBuildFile; fileRef = 88569C5D2685195E000AD9B5 /* ViewController.swift */; };
		88569C612685195E000AD9B5 /* Main.storyboard in Resources */ = {isa = PBXBuildFile; fileRef = 88569C5F2685195E000AD9B5 /* Main.storyboard */; };
		88569C632685195F000AD9B5 /* Assets.xcassets in Resources */ = {isa = PBXBuildFile; fileRef = 88569C622685195F000AD9B5 /* Assets.xcassets */; };
		88569C662685195F000AD9B5 /* LaunchScreen.storyboard in Resources */ = {isa = PBXBuildFile; fileRef = 88569C642685195F000AD9B5 /* LaunchScreen.storyboard */; };
		8868F4BB26951302005FE384 /* ValidateFormViewController.swift in Sources */ = {isa = PBXBuildFile; fileRef = 8868F4BA26951302005FE384 /* ValidateFormViewController.swift */; };
		88846E4428174C02005906E1 /* Location.swift in Sources */ = {isa = PBXBuildFile; fileRef = 88846E4328174C02005906E1 /* Location.swift */; };
		88846E4628174D51005906E1 /* LocationAPI.swift in Sources */ = {isa = PBXBuildFile; fileRef = 88846E4528174D51005906E1 /* LocationAPI.swift */; };
/* End PBXBuildFile section */

/* Begin PBXFileReference section */
		41633BCC8D0EFF96C90D890D /* Pods-TicketsValidation.debug.xcconfig */ = {isa = PBXFileReference; includeInIndex = 1; lastKnownFileType = text.xcconfig; name = "Pods-TicketsValidation.debug.xcconfig"; path = "Target Support Files/Pods-TicketsValidation/Pods-TicketsValidation.debug.xcconfig"; sourceTree = "<group>"; };
		5660C21FAE3CD64ACABD625F /* Pods_TicketsValidation.framework */ = {isa = PBXFileReference; explicitFileType = wrapper.framework; includeInIndex = 0; path = Pods_TicketsValidation.framework; sourceTree = BUILT_PRODUCTS_DIR; };
		88569C562685195E000AD9B5 /* TicketsValidation.app */ = {isa = PBXFileReference; explicitFileType = wrapper.application; includeInIndex = 0; path = TicketsValidation.app; sourceTree = BUILT_PRODUCTS_DIR; };
		88569C592685195E000AD9B5 /* AppDelegate.swift */ = {isa = PBXFileReference; lastKnownFileType = sourcecode.swift; path = AppDelegate.swift; sourceTree = "<group>"; };
		88569C5B2685195E000AD9B5 /* SceneDelegate.swift */ = {isa = PBXFileReference; lastKnownFileType = sourcecode.swift; path = SceneDelegate.swift; sourceTree = "<group>"; };
		88569C5D2685195E000AD9B5 /* ViewController.swift */ = {isa = PBXFileReference; lastKnownFileType = sourcecode.swift; path = ViewController.swift; sourceTree = "<group>"; };
		88569C602685195E000AD9B5 /* Base */ = {isa = PBXFileReference; lastKnownFileType = file.storyboard; name = Base; path = Base.lproj/Main.storyboard; sourceTree = "<group>"; };
		88569C622685195F000AD9B5 /* Assets.xcassets */ = {isa = PBXFileReference; lastKnownFileType = folder.assetcatalog; path = Assets.xcassets; sourceTree = "<group>"; };
		88569C652685195F000AD9B5 /* Base */ = {isa = PBXFileReference; lastKnownFileType = file.storyboard; name = Base; path = Base.lproj/LaunchScreen.storyboard; sourceTree = "<group>"; };
		88569C672685195F000AD9B5 /* Info.plist */ = {isa = PBXFileReference; lastKnownFileType = text.plist.xml; path = Info.plist; sourceTree = "<group>"; };
		8868F4BA26951302005FE384 /* ValidateFormViewController.swift */ = {isa = PBXFileReference; lastKnownFileType = sourcecode.swift; path = ValidateFormViewController.swift; sourceTree = "<group>"; };
		88846E4328174C02005906E1 /* Location.swift */ = {isa = PBXFileReference; lastKnownFileType = sourcecode.swift; path = Location.swift; sourceTree = "<group>"; };
		88846E4528174D51005906E1 /* LocationAPI.swift */ = {isa = PBXFileReference; lastKnownFileType = sourcecode.swift; path = LocationAPI.swift; sourceTree = "<group>"; };
		9362404FDC87F7D2F4BCB288 /* Pods-TicketsValidation.release.xcconfig */ = {isa = PBXFileReference; includeInIndex = 1; lastKnownFileType = text.xcconfig; name = "Pods-TicketsValidation.release.xcconfig"; path = "Target Support Files/Pods-TicketsValidation/Pods-TicketsValidation.release.xcconfig"; sourceTree = "<group>"; };
/* End PBXFileReference section */

/* Begin PBXFrameworksBuildPhase section */
		88569C532685195E000AD9B5 /* Frameworks */ = {
			isa = PBXFrameworksBuildPhase;
			buildActionMask = 2147483647;
			files = (
				3563A71E0BE4C6EB68CC8F72 /* Pods_TicketsValidation.framework in Frameworks */,
			);
			runOnlyForDeploymentPostprocessing = 0;
		};
/* End PBXFrameworksBuildPhase section */

/* Begin PBXGroup section */
		055470606289489D1D8FCC00 /* Frameworks */ = {
			isa = PBXGroup;
			children = (
				5660C21FAE3CD64ACABD625F /* Pods_TicketsValidation.framework */,
			);
			name = Frameworks;
			sourceTree = "<group>";
		};
		88569C4D2685195E000AD9B5 = {
			isa = PBXGroup;
			children = (
				88569C582685195E000AD9B5 /* TicketsValidation */,
				88569C572685195E000AD9B5 /* Products */,
				D0EC557589353F440E22A003 /* Pods */,
				055470606289489D1D8FCC00 /* Frameworks */,
			);
			sourceTree = "<group>";
		};
		88569C572685195E000AD9B5 /* Products */ = {
			isa = PBXGroup;
			children = (
				88569C562685195E000AD9B5 /* TicketsValidation.app */,
			);
			name = Products;
			sourceTree = "<group>";
		};
		88569C582685195E000AD9B5 /* TicketsValidation */ = {
			isa = PBXGroup;
			children = (
				8868F4B9269512D2005FE384 /* Controller */,
				8868F4B8269512C9005FE384 /* Model */,
				88569C592685195E000AD9B5 /* AppDelegate.swift */,
				88569C5B2685195E000AD9B5 /* SceneDelegate.swift */,
				88569C5F2685195E000AD9B5 /* Main.storyboard */,
				88569C622685195F000AD9B5 /* Assets.xcassets */,
				88569C642685195F000AD9B5 /* LaunchScreen.storyboard */,
				88569C672685195F000AD9B5 /* Info.plist */,
			);
			path = TicketsValidation;
			sourceTree = "<group>";
		};
		8868F4B8269512C9005FE384 /* Model */ = {
			isa = PBXGroup;
			children = (
				8868F4BA26951302005FE384 /* ValidateFormViewController.swift */,
				88846E4328174C02005906E1 /* Location.swift */,
				88846E4528174D51005906E1 /* LocationAPI.swift */,
			);
			path = Model;
			sourceTree = "<group>";
		};
		8868F4B9269512D2005FE384 /* Controller */ = {
			isa = PBXGroup;
			children = (
				88569C5D2685195E000AD9B5 /* ViewController.swift */,
			);
			path = Controller;
			sourceTree = "<group>";
		};
		D0EC557589353F440E22A003 /* Pods */ = {
			isa = PBXGroup;
			children = (
				41633BCC8D0EFF96C90D890D /* Pods-TicketsValidation.debug.xcconfig */,
				9362404FDC87F7D2F4BCB288 /* Pods-TicketsValidation.release.xcconfig */,
			);
			path = Pods;
			sourceTree = "<group>";
		};
/* End PBXGroup section */

/* Begin PBXNativeTarget section */
		88569C552685195E000AD9B5 /* TicketsValidation */ = {
			isa = PBXNativeTarget;
			buildConfigurationList = 88569C6A2685195F000AD9B5 /* Build configuration list for PBXNativeTarget "TicketsValidation" */;
			buildPhases = (
				2834C7DED0E43E2463053C18 /* [CP] Check Pods Manifest.lock */,
				88569C522685195E000AD9B5 /* Sources */,
				88569C532685195E000AD9B5 /* Frameworks */,
				88569C542685195E000AD9B5 /* Resources */,
				6D47C17A9A178546BD08873B /* [CP] Embed Pods Frameworks */,
			);
			buildRules = (
			);
			dependencies = (
			);
			name = TicketsValidation;
			productName = TicketsValidation;
			productReference = 88569C562685195E000AD9B5 /* TicketsValidation.app */;
			productType = "com.apple.product-type.application";
		};
/* End PBXNativeTarget section */

/* Begin PBXProject section */
		88569C4E2685195E000AD9B5 /* Project object */ = {
			isa = PBXProject;
			attributes = {
				LastSwiftUpdateCheck = 1250;
				LastUpgradeCheck = 1250;
				TargetAttributes = {
					88569C552685195E000AD9B5 = {
						CreatedOnToolsVersion = 12.5;
					};
				};
			};
			buildConfigurationList = 88569C512685195E000AD9B5 /* Build configuration list for PBXProject "TicketsValidation" */;
			compatibilityVersion = "Xcode 9.3";
			developmentRegion = en;
			hasScannedForEncodings = 0;
			knownRegions = (
				en,
				Base,
			);
			mainGroup = 88569C4D2685195E000AD9B5;
			productRefGroup = 88569C572685195E000AD9B5 /* Products */;
			projectDirPath = "";
			projectRoot = "";
			targets = (
				88569C552685195E000AD9B5 /* TicketsValidation */,
			);
		};
/* End PBXProject section */

/* Begin PBXResourcesBuildPhase section */
		88569C542685195E000AD9B5 /* Resources */ = {
			isa = PBXResourcesBuildPhase;
			buildActionMask = 2147483647;
			files = (
				88569C662685195F000AD9B5 /* LaunchScreen.storyboard in Resources */,
				88569C632685195F000AD9B5 /* Assets.xcassets in Resources */,
				88569C612685195E000AD9B5 /* Main.storyboard in Resources */,
			);
			runOnlyForDeploymentPostprocessing = 0;
		};
/* End PBXResourcesBuildPhase section */

/* Begin PBXShellScriptBuildPhase section */
		2834C7DED0E43E2463053C18 /* [CP] Check Pods Manifest.lock */ = {
			isa = PBXShellScriptBuildPhase;
			buildActionMask = 2147483647;
			files = (
			);
			inputFileListPaths = (
			);
			inputPaths = (
				"${PODS_PODFILE_DIR_PATH}/Podfile.lock",
				"${PODS_ROOT}/Manifest.lock",
			);
			name = "[CP] Check Pods Manifest.lock";
			outputFileListPaths = (
			);
			outputPaths = (
				"$(DERIVED_FILE_DIR)/Pods-TicketsValidation-checkManifestLockResult.txt",
			);
			runOnlyForDeploymentPostprocessing = 0;
			shellPath = /bin/sh;
			shellScript = "diff \"${PODS_PODFILE_DIR_PATH}/Podfile.lock\" \"${PODS_ROOT}/Manifest.lock\" > /dev/null\nif [ $? != 0 ] ; then\n    # print error to STDERR\n    echo \"error: The sandbox is not in sync with the Podfile.lock. Run 'pod install' or update your CocoaPods installation.\" >&2\n    exit 1\nfi\n# This output is used by Xcode 'outputs' to avoid re-running this script phase.\necho \"SUCCESS\" > \"${SCRIPT_OUTPUT_FILE_0}\"\n";
			showEnvVarsInLog = 0;
		};
		6D47C17A9A178546BD08873B /* [CP] Embed Pods Frameworks */ = {
			isa = PBXShellScriptBuildPhase;
			buildActionMask = 2147483647;
			files = (
			);
			inputFileListPaths = (
				"${PODS_ROOT}/Target Support Files/Pods-TicketsValidation/Pods-TicketsValidation-frameworks-${CONFIGURATION}-input-files.xcfilelist",
			);
			name = "[CP] Embed Pods Frameworks";
			outputFileListPaths = (
				"${PODS_ROOT}/Target Support Files/Pods-TicketsValidation/Pods-TicketsValidation-frameworks-${CONFIGURATION}-output-files.xcfilelist",
			);
			runOnlyForDeploymentPostprocessing = 0;
			shellPath = /bin/sh;
			shellScript = "\"${PODS_ROOT}/Target Support Files/Pods-TicketsValidation/Pods-TicketsValidation-frameworks.sh\"\n";
			showEnvVarsInLog = 0;
		};
/* End PBXShellScriptBuildPhase section */

/* Begin PBXSourcesBuildPhase section */
		88569C522685195E000AD9B5 /* Sources */ = {
			isa = PBXSourcesBuildPhase;
			buildActionMask = 2147483647;
			files = (
				8868F4BB26951302005FE384 /* ValidateFormViewController.swift in Sources */,
				88846E4628174D51005906E1 /* LocationAPI.swift in Sources */,
				88569C5E2685195E000AD9B5 /* ViewController.swift in Sources */,
				88846E4428174C02005906E1 /* Location.swift in Sources */,
				88569C5A2685195E000AD9B5 /* AppDelegate.swift in Sources */,
				88569C5C2685195E000AD9B5 /* SceneDelegate.swift in Sources */,
			);
			runOnlyForDeploymentPostprocessing = 0;
		};
/* End PBXSourcesBuildPhase section */

/* Begin PBXVariantGroup section */
		88569C5F2685195E000AD9B5 /* Main.storyboard */ = {
			isa = PBXVariantGroup;
			children = (
				88569C602685195E000AD9B5 /* Base */,
			);
			name = Main.storyboard;
			sourceTree = "<group>";
		};
		88569C642685195F000AD9B5 /* LaunchScreen.storyboard */ = {
			isa = PBXVariantGroup;
			children = (
				88569C652685195F000AD9B5 /* Base */,
			);
			name = LaunchScreen.storyboard;
			sourceTree = "<group>";
		};
/* End PBXVariantGroup section */

/* Begin XCBuildConfiguration section */
		88569C682685195F000AD9B5 /* Debug */ = {
			isa = XCBuildConfiguration;
			buildSettings = {
				ALWAYS_SEARCH_USER_PATHS = NO;
				CLANG_ANALYZER_NONNULL = YES;
				CLANG_ANALYZER_NUMBER_OBJECT_CONVERSION = YES_AGGRESSIVE;
				CLANG_CXX_LANGUAGE_STANDARD = "gnu++14";
				CLANG_CXX_LIBRARY = "libc++";
				CLANG_ENABLE_MODULES = YES;
				CLANG_ENABLE_OBJC_ARC = YES;
				CLANG_ENABLE_OBJC_WEAK = YES;
				CLANG_WARN_BLOCK_CAPTURE_AUTORELEASING = YES;
				CLANG_WARN_BOOL_CONVERSION = YES;
				CLANG_WARN_COMMA = YES;
				CLANG_WARN_CONSTANT_CONVERSION = YES;
				CLANG_WARN_DEPRECATED_OBJC_IMPLEMENTATIONS = YES;
				CLANG_WARN_DIRECT_OBJC_ISA_USAGE = YES_ERROR;
				CLANG_WARN_DOCUMENTATION_COMMENTS = YES;
				CLANG_WARN_EMPTY_BODY = YES;
				CLANG_WARN_ENUM_CONVERSION = YES;
				CLANG_WARN_INFINITE_RECURSION = YES;
				CLANG_WARN_INT_CONVERSION = YES;
				CLANG_WARN_NON_LITERAL_NULL_CONVERSION = YES;
				CLANG_WARN_OBJC_IMPLICIT_RETAIN_SELF = YES;
				CLANG_WARN_OBJC_LITERAL_CONVERSION = YES;
				CLANG_WARN_OBJC_ROOT_CLASS = YES_ERROR;
				CLANG_WARN_QUOTED_INCLUDE_IN_FRAMEWORK_HEADER = YES;
				CLANG_WARN_RANGE_LOOP_ANALYSIS = YES;
				CLANG_WARN_STRICT_PROTOTYPES = YES;
				CLANG_WARN_SUSPICIOUS_MOVE = YES;
				CLANG_WARN_UNGUARDED_AVAILABILITY = YES_AGGRESSIVE;
				CLANG_WARN_UNREACHABLE_CODE = YES;
				CLANG_WARN__DUPLICATE_METHOD_MATCH = YES;
				COPY_PHASE_STRIP = NO;
				DEBUG_INFORMATION_FORMAT = dwarf;
				ENABLE_STRICT_OBJC_MSGSEND = YES;
				ENABLE_TESTABILITY = YES;
				GCC_C_LANGUAGE_STANDARD = gnu11;
				GCC_DYNAMIC_NO_PIC = NO;
				GCC_NO_COMMON_BLOCKS = YES;
				GCC_OPTIMIZATION_LEVEL = 0;
				GCC_PREPROCESSOR_DEFINITIONS = (
					"DEBUG=1",
					"$(inherited)",
				);
				GCC_WARN_64_TO_32_BIT_CONVERSION = YES;
				GCC_WARN_ABOUT_RETURN_TYPE = YES_ERROR;
				GCC_WARN_UNDECLARED_SELECTOR = YES;
				GCC_WARN_UNINITIALIZED_AUTOS = YES_AGGRESSIVE;
				GCC_WARN_UNUSED_FUNCTION = YES;
				GCC_WARN_UNUSED_VARIABLE = YES;
				IPHONEOS_DEPLOYMENT_TARGET = 14.5;
				MTL_ENABLE_DEBUG_INFO = INCLUDE_SOURCE;
				MTL_FAST_MATH = YES;
				ONLY_ACTIVE_ARCH = YES;
				SDKROOT = iphoneos;
				SWIFT_ACTIVE_COMPILATION_CONDITIONS = DEBUG;
				SWIFT_OPTIMIZATION_LEVEL = "-Onone";
			};
			name = Debug;
		};
		88569C692685195F000AD9B5 /* Release */ = {
			isa = XCBuildConfiguration;
			buildSettings = {
				ALWAYS_SEARCH_USER_PATHS = NO;
				CLANG_ANALYZER_NONNULL = YES;
				CLANG_ANALYZER_NUMBER_OBJECT_CONVERSION = YES_AGGRESSIVE;
				CLANG_CXX_LANGUAGE_STANDARD = "gnu++14";
				CLANG_CXX_LIBRARY = "libc++";
				CLANG_ENABLE_MODULES = YES;
				CLANG_ENABLE_OBJC_ARC = YES;
				CLANG_ENABLE_OBJC_WEAK = YES;
				CLANG_WARN_BLOCK_CAPTURE_AUTORELEASING = YES;
				CLANG_WARN_BOOL_CONVERSION = YES;
				CLANG_WARN_COMMA = YES;
				CLANG_WARN_CONSTANT_CONVERSION = YES;
				CLANG_WARN_DEPRECATED_OBJC_IMPLEMENTATIONS = YES;
				CLANG_WARN_DIRECT_OBJC_ISA_USAGE = YES_ERROR;
				CLANG_WARN_DOCUMENTATION_COMMENTS = YES;
				CLANG_WARN_EMPTY_BODY = YES;
				CLANG_WARN_ENUM_CONVERSION = YES;
				CLANG_WARN_INFINITE_RECURSION = YES;
				CLANG_WARN_INT_CONVERSION = YES;
				CLANG_WARN_NON_LITERAL_NULL_CONVERSION = YES;
				CLANG_WARN_OBJC_IMPLICIT_RETAIN_SELF = YES;
				CLANG_WARN_OBJC_LITERAL_CONVERSION = YES;
				CLANG_WARN_OBJC_ROOT_CLASS = YES_ERROR;
				CLANG_WARN_QUOTED_INCLUDE_IN_FRAMEWORK_HEADER = YES;
				CLANG_WARN_RANGE_LOOP_ANALYSIS = YES;
				CLANG_WARN_STRICT_PROTOTYPES = YES;
				CLANG_WARN_SUSPICIOUS_MOVE = YES;
				CLANG_WARN_UNGUARDED_AVAILABILITY = YES_AGGRESSIVE;
				CLANG_WARN_UNREACHABLE_CODE = YES;
				CLANG_WARN__DUPLICATE_METHOD_MATCH = YES;
				COPY_PHASE_STRIP = NO;
				DEBUG_INFORMATION_FORMAT = "dwarf-with-dsym";
				ENABLE_NS_ASSERTIONS = NO;
				ENABLE_STRICT_OBJC_MSGSEND = YES;
				GCC_C_LANGUAGE_STANDARD = gnu11;
				GCC_NO_COMMON_BLOCKS = YES;
				GCC_WARN_64_TO_32_BIT_CONVERSION = YES;
				GCC_WARN_ABOUT_RETURN_TYPE = YES_ERROR;
				GCC_WARN_UNDECLARED_SELECTOR = YES;
				GCC_WARN_UNINITIALIZED_AUTOS = YES_AGGRESSIVE;
				GCC_WARN_UNUSED_FUNCTION = YES;
				GCC_WARN_UNUSED_VARIABLE = YES;
				IPHONEOS_DEPLOYMENT_TARGET = 14.5;
				MTL_ENABLE_DEBUG_INFO = NO;
				MTL_FAST_MATH = YES;
				SDKROOT = iphoneos;
				SWIFT_COMPILATION_MODE = wholemodule;
				SWIFT_OPTIMIZATION_LEVEL = "-O";
				VALIDATE_PRODUCT = YES;
			};
			name = Release;
		};
		88569C6B2685195F000AD9B5 /* Debug */ = {
			isa = XCBuildConfiguration;
			baseConfigurationReference = 41633BCC8D0EFF96C90D890D /* Pods-TicketsValidation.debug.xcconfig */;
			buildSettings = {
				ASSETCATALOG_COMPILER_APPICON_NAME = AppIcon;
				ASSETCATALOG_COMPILER_GLOBAL_ACCENT_COLOR_NAME = AccentColor;
				CODE_SIGN_STYLE = Automatic;
				DEVELOPMENT_TEAM = J89XP6WQS5;
				INFOPLIST_FILE = TicketsValidation/Info.plist;
				LD_RUNPATH_SEARCH_PATHS = (
					"$(inherited)",
					"@executable_path/Frameworks",
				);
				PRODUCT_BUNDLE_IDENTIFIER = br.com.vierrra.TicketsValidation;
				PRODUCT_NAME = "$(TARGET_NAME)";
				SWIFT_VERSION = 5.0;
				TARGETED_DEVICE_FAMILY = "1,2";
			};
			name = Debug;
		};
		88569C6C2685195F000AD9B5 /* Release */ = {
			isa = XCBuildConfiguration;
			baseConfigurationReference = 9362404FDC87F7D2F4BCB288 /* Pods-TicketsValidation.release.xcconfig */;
			buildSettings = {
				ASSETCATALOG_COMPILER_APPICON_NAME = AppIcon;
				ASSETCATALOG_COMPILER_GLOBAL_ACCENT_COLOR_NAME = AccentColor;
				CODE_SIGN_STYLE = Automatic;
				DEVELOPMENT_TEAM = J89XP6WQS5;
				INFOPLIST_FILE = TicketsValidation/Info.plist;
				LD_RUNPATH_SEARCH_PATHS = (
					"$(inherited)",
					"@executable_path/Frameworks",
				);
				PRODUCT_BUNDLE_IDENTIFIER = br.com.vierrra.TicketsValidation;
				PRODUCT_NAME = "$(TARGET_NAME)";
				SWIFT_VERSION = 5.0;
				TARGETED_DEVICE_FAMILY = "1,2";
			};
			name = Release;
		};
/* End XCBuildConfiguration section */

/* Begin XCConfigurationList section */
		88569C512685195E000AD9B5 /* Build configuration list for PBXProject "TicketsValidation" */ = {
			isa = XCConfigurationList;
			buildConfigurations = (
				88569C682685195F000AD9B5 /* Debug */,
				88569C692685195F000AD9B5 /* Release */,
			);
			defaultConfigurationIsVisible = 0;
			defaultConfigurationName = Release;
		};
		88569C6A2685195F000AD9B5 /* Build configuration list for PBXNativeTarget "TicketsValidation" */ = {
			isa = XCConfigurationList;
			buildConfigurations = (
				88569C6B2685195F000AD9B5 /* Debug */,
				88569C6C2685195F000AD9B5 /* Release */,
			);
			defaultConfigurationIsVisible = 0;
			defaultConfigurationName = Release;
		};
/* End XCConfigurationList section */
	};
	rootObject = 88569C4E2685195E000AD9B5 /* Project object */;
}
